lockfileVersion: '6.1'

settings:
  autoInstallPeers: true
  excludeLinksFromLockfile: false

importers:

  .:
    devDependencies:
      turbo:
        specifier: ^1.10.0
        version: 1.10.0

packages:

  /turbo-darwin-64@1.10.0:
    resolution: {integrity: sha512-N0aVGFtBgOKd7pIdUiKREwnDhNHRIvpMJbmUw04c1AqEoTiKAKT6iuzcCozO5N/gYMVr0hxrXgLal5OLYXtcsw==}
    cpu: [x64]
    os: [darwin]
    requiresBuild: true
    dev: true
    optional: true

  /turbo-darwin-arm64@1.10.0:
    resolution: {integrity: sha512-boXzhaHTS5MsTMv48I/JmYp9/fYplXk5nACUDrqV6nD1hzO5PMn5wNg75ATbpkaMaeuD+hjuobeSxn1p4vpqQg==}
    cpu: [arm64]
    os: [darwin]
    requiresBuild: true
    dev: true
    optional: true

  /turbo-linux-64@1.10.0:
    resolution: {integrity: sha512-crKQuS1jrp4vp+Th6EmUqqmAlvYNnzGmwWMLeckmYILrV7zAddu87eJu4hB7V6uV+W1qHZUTw8WXa1w1+8boBw==}
    cpu: [x64]
    os: [linux]
    requiresBuild: true
    dev: true
    optional: true

  /turbo-linux-arm64@1.10.0:
    resolution: {integrity: sha512-Y2fhWe0xepLjl7doIvsJK7mp2h8E+OF6qJsUHRgxFeRWQWi1I6clD2aEQeykHK8Tp+qp8pKFMocj32nFBvuCcg==}
    cpu: [arm64]
    os: [linux]
    requiresBuild: true
    dev: true
    optional: true

  /turbo-windows-64@1.10.0:
    resolution: {integrity: sha512-uh8rEqH6teaHysEMjinwWBqyNwv4IvgSAwbq/OphP8jObstTYHoR+gFPo8RQUSTaBYy4QVszgi5eO5YLvEQqNA==}
    cpu: [x64]
    os: [win32]
    requiresBuild: true
    dev: true
    optional: true

  /turbo-windows-arm64@1.10.0:
    resolution: {integrity: sha512-JaVj3iM7qyRD6xYGZLL/Gs4mQKfM1zL0f91AwHZLNkk1CrJ6i5kO4ZjhKkwXSpVOTNKW3sX0Q7dExXj85Vv7UQ==}
    cpu: [arm64]
    os: [win32]
    requiresBuild: true
    dev: true
    optional: true

  /turbo@1.10.0:
    resolution: {integrity: sha512-GWxoL2zJduiNaEHz78o74l2jCQEeuUZ3MdpMPz0SpZOvt3nimpvQPNxiyfbqt3U9/V5G375PWKYSbXkVnIbQcA==}
    hasBin: true
    requiresBuild: true
    optionalDependencies:
      turbo-darwin-64: 1.10.0
      turbo-darwin-arm64: 1.10.0
      turbo-linux-64: 1.10.0
      turbo-linux-arm64: 1.10.0
      turbo-windows-64: 1.10.0
      turbo-windows-arm64: 1.10.0
    dev: true
